
Microsoft Visual Studio Solution File, Format Version 12.00
# Visual Studio Version 17
VisualStudioVersion = 17.3.32825.248
MinimumVisualStudioVersion = 10.0.40219.1
Project("{888888A0-9F3D-457C-B088-3A5042F75D52}") = "Seminar7", "Seminar7\Seminar7.pyproj", "{4D942006-0238-4980-BD3A-016B6BF3DC7D}"
EndProject
Global
	GlobalSection(SolutionConfigurationPlatforms) = preSolution
		Debug|Any CPU = Debug|Any CPU
		Release|Any CPU = Release|Any CPU
	EndGlobalSection
	GlobalSection(ProjectConfigurationPlatforms) = postSolution
		{4D942006-0238-4980-BD3A-016B6BF3DC7D}.Debug|Any CPU.ActiveCfg = Debug|Any CPU
		{4D942006-0238-4980-BD3A-016B6BF3DC7D}.Release|Any CPU.ActiveCfg = Release|Any CPU
	EndGlobalSection
	GlobalSection(SolutionProperties) = preSolution
		HideSolutionNode = FALSE
	EndGlobalSection
	GlobalSection(ExtensibilityGlobals) = postSolution
		SolutionGuid = {EC4A1A34-58BF-44B0-9256-82026C6F8123}
	EndGlobalSection
EndGlobal
